
Microsoft Visual Studio Solution File, Format Version 12.00
# Visual Studio Version 16
VisualStudioVersion = 16.0.810.22
MinimumVisualStudioVersion = 10.0.40219.1
Project("{FAE04EC0-301F-11D3-BF4B-00C04F79EFBC}") = "BookStore.API", "BookStore.API.csproj", "{B1433986-5D5A-4327-868E-7969893AA449}"
EndProject
Global
	GlobalSection(SolutionConfigurationPlatforms) = preSolution
		Debug|Any CPU = Debug|Any CPU
		Release|Any CPU = Release|Any CPU
	EndGlobalSection
	GlobalSection(ProjectConfigurationPlatforms) = postSolution
		{B1433986-5D5A-4327-868E-7969893AA449}.Debug|Any CPU.ActiveCfg = Debug|Any CPU
		{B1433986-5D5A-4327-868E-7969893AA449}.Debug|Any CPU.Build.0 = Debug|Any CPU
		{B1433986-5D5A-4327-868E-7969893AA449}.Release|Any CPU.ActiveCfg = Release|Any CPU
		{B1433986-5D5A-4327-868E-7969893AA449}.Release|Any CPU.Build.0 = Release|Any CPU
	EndGlobalSection
	GlobalSection(SolutionProperties) = preSolution
		HideSolutionNode = FALSE
	EndGlobalSection
	GlobalSection(ExtensibilityGlobals) = postSolution
		SolutionGuid = {825C13B5-C5A2-483C-9138-3078A1BF4AF4}
	EndGlobalSection
EndGlobal
